
Microsoft Visual Studio Solution File, Format Version 12.00
# Visual Studio Version 17
VisualStudioVersion = 17.4.33213.308
MinimumVisualStudioVersion = 10.0.40219.1
Project("{FAE04EC0-301F-11D3-BF4B-00C04F79EFBC}") = "Week7Functions", "Week7Functions\Week7Functions.csproj", "{EEEC3327-9575-419A-B45A-2A9A8047A7F5}"
EndProject
Project("{FAE04EC0-301F-11D3-BF4B-00C04F79EFBC}") = "ArgumentsAndParameters", "ArgumentsAndParameters\ArgumentsAndParameters.csproj", "{8B99E3B5-5941-4DB0-8207-87EE131CDF58}"
EndProject
Project("{FAE04EC0-301F-11D3-BF4B-00C04F79EFBC}") = "Calculator", "Calculator\Calculator.csproj", "{645237C8-AA28-4348-8E2E-F034656B9BE2}"
EndProject
Project("{FAE04EC0-301F-11D3-BF4B-00C04F79EFBC}") = "DiscountCalculator", "DiscountCalculator\DiscountCalculator.csproj", "{45389572-8224-428E-BA23-A281344B0474}"
EndProject
Project("{FAE04EC0-301F-11D3-BF4B-00C04F79EFBC}") = "Practice", "Practice\Practice.csproj", "{88DEE8CD-D755-4D68-8F8C-33E44B817FD8}"
EndProject
Global
	GlobalSection(SolutionConfigurationPlatforms) = preSolution
		Debug|Any CPU = Debug|Any CPU
		Release|Any CPU = Release|Any CPU
	EndGlobalSection
	GlobalSection(ProjectConfigurationPlatforms) = postSolution
		{EEEC3327-9575-419A-B45A-2A9A8047A7F5}.Debug|Any CPU.ActiveCfg = Debug|Any CPU
		{EEEC3327-9575-419A-B45A-2A9A8047A7F5}.Debug|Any CPU.Build.0 = Debug|Any CPU
		{EEEC3327-9575-419A-B45A-2A9A8047A7F5}.Release|Any CPU.ActiveCfg = Release|Any CPU
		{EEEC3327-9575-419A-B45A-2A9A8047A7F5}.Release|Any CPU.Build.0 = Release|Any CPU
		{8B99E3B5-5941-4DB0-8207-87EE131CDF58}.Debug|Any CPU.ActiveCfg = Debug|Any CPU
		{8B99E3B5-5941-4DB0-8207-87EE131CDF58}.Debug|Any CPU.Build.0 = Debug|Any CPU
		{8B99E3B5-5941-4DB0-8207-87EE131CDF58}.Release|Any CPU.ActiveCfg = Release|Any CPU
		{8B99E3B5-5941-4DB0-8207-87EE131CDF58}.Release|Any CPU.Build.0 = Release|Any CPU
		{645237C8-AA28-4348-8E2E-F034656B9BE2}.Debug|Any CPU.ActiveCfg = Debug|Any CPU
		{645237C8-AA28-4348-8E2E-F034656B9BE2}.Debug|Any CPU.Build.0 = Debug|Any CPU
		{645237C8-AA28-4348-8E2E-F034656B9BE2}.Release|Any CPU.ActiveCfg = Release|Any CPU
		{645237C8-AA28-4348-8E2E-F034656B9BE2}.Release|Any CPU.Build.0 = Release|Any CPU
		{45389572-8224-428E-BA23-A281344B0474}.Debug|Any CPU.ActiveCfg = Debug|Any CPU
		{45389572-8224-428E-BA23-A281344B0474}.Debug|Any CPU.Build.0 = Debug|Any CPU
		{45389572-8224-428E-BA23-A281344B0474}.Release|Any CPU.ActiveCfg = Release|Any CPU
		{45389572-8224-428E-BA23-A281344B0474}.Release|Any CPU.Build.0 = Release|Any CPU
		{88DEE8CD-D755-4D68-8F8C-33E44B817FD8}.Debug|Any CPU.ActiveCfg = Debug|Any CPU
		{88DEE8CD-D755-4D68-8F8C-33E44B817FD8}.Debug|Any CPU.Build.0 = Debug|Any CPU
		{88DEE8CD-D755-4D68-8F8C-33E44B817FD8}.Release|Any CPU.ActiveCfg = Release|Any CPU
		{88DEE8CD-D755-4D68-8F8C-33E44B817FD8}.Release|Any CPU.Build.0 = Release|Any CPU
	EndGlobalSection
	GlobalSection(SolutionProperties) = preSolution
		HideSolutionNode = FALSE
	EndGlobalSection
	GlobalSection(ExtensibilityGlobals) = postSolution
		SolutionGuid = {F2C33BFB-D66B-4F5A-956B-1B30FB3150B5}
	EndGlobalSection
EndGlobal
